
Microsoft Visual Studio Solution File, Format Version 12.00
# Visual Studio Version 17
VisualStudioVersion = 17.4.33205.214
MinimumVisualStudioVersion = 10.0.40219.1
Project("{FAE04EC0-301F-11D3-BF4B-00C04F79EFBC}") = "TimeTracker", "TimeTracker\TimeTracker.csproj", "{AFDB3310-9751-48CD-99F1-0E3E9EE630EE}"
EndProject
Project("{FAE04EC0-301F-11D3-BF4B-00C04F79EFBC}") = "UnitTestProject", "UnitTestProject\UnitTestProject.csproj", "{6F3A3FE4-67D4-4199-ABE3-7D5EDDFD1D2B}"
EndProject
Global
	GlobalSection(SolutionConfigurationPlatforms) = preSolution
		Debug|Any CPU = Debug|Any CPU
		Release|Any CPU = Release|Any CPU
	EndGlobalSection
	GlobalSection(ProjectConfigurationPlatforms) = postSolution
		{AFDB3310-9751-48CD-99F1-0E3E9EE630EE}.Debug|Any CPU.ActiveCfg = Debug|Any CPU
		{AFDB3310-9751-48CD-99F1-0E3E9EE630EE}.Debug|Any CPU.Build.0 = Debug|Any CPU
		{AFDB3310-9751-48CD-99F1-0E3E9EE630EE}.Release|Any CPU.ActiveCfg = Release|Any CPU
		{AFDB3310-9751-48CD-99F1-0E3E9EE630EE}.Release|Any CPU.Build.0 = Release|Any CPU
		{6F3A3FE4-67D4-4199-ABE3-7D5EDDFD1D2B}.Debug|Any CPU.ActiveCfg = Debug|Any CPU
		{6F3A3FE4-67D4-4199-ABE3-7D5EDDFD1D2B}.Debug|Any CPU.Build.0 = Debug|Any CPU
		{6F3A3FE4-67D4-4199-ABE3-7D5EDDFD1D2B}.Release|Any CPU.ActiveCfg = Release|Any CPU
		{6F3A3FE4-67D4-4199-ABE3-7D5EDDFD1D2B}.Release|Any CPU.Build.0 = Release|Any CPU
	EndGlobalSection
	GlobalSection(SolutionProperties) = preSolution
		HideSolutionNode = FALSE
	EndGlobalSection
	GlobalSection(ExtensibilityGlobals) = postSolution
		SolutionGuid = {5C20C830-0AB2-4E25-A15D-6F533385FFBB}
	EndGlobalSection
EndGlobal
